
Microsoft Visual Studio Solution File, Format Version 12.00
# Visual Studio Version 17
VisualStudioVersion = 17.4.33205.214
MinimumVisualStudioVersion = 10.0.40219.1
Project("{FAE04EC0-301F-11D3-BF4B-00C04F79EFBC}") = "MathQuiz", "MathQuiz.csproj", "{5A8EF4E2-56DF-4EC9-A2F3-562AE85E3131}"
EndProject
Global
	GlobalSection(SolutionConfigurationPlatforms) = preSolution
		Debug|Any CPU = Debug|Any CPU
		Release|Any CPU = Release|Any CPU
	EndGlobalSection
	GlobalSection(ProjectConfigurationPlatforms) = postSolution
		{5A8EF4E2-56DF-4EC9-A2F3-562AE85E3131}.Debug|Any CPU.ActiveCfg = Debug|Any CPU
		{5A8EF4E2-56DF-4EC9-A2F3-562AE85E3131}.Debug|Any CPU.Build.0 = Debug|Any CPU
		{5A8EF4E2-56DF-4EC9-A2F3-562AE85E3131}.Release|Any CPU.ActiveCfg = Release|Any CPU
		{5A8EF4E2-56DF-4EC9-A2F3-562AE85E3131}.Release|Any CPU.Build.0 = Release|Any CPU
	EndGlobalSection
	GlobalSection(SolutionProperties) = preSolution
		HideSolutionNode = FALSE
	EndGlobalSection
	GlobalSection(ExtensibilityGlobals) = postSolution
		SolutionGuid = {B8B151D3-821A-495F-A44A-830105F7AAAC}
	EndGlobalSection
EndGlobal
